# Generated by Architect Companion. Run `architect-companion upgrade-profile` to update.
profiles:
  - contentHash: sha256-5710f358acaa0d2330e840bdf35f9338cd4f9bb31baae98548fee7c00ecff0a7
    name: cli
    version: 0.1.0
  - contentHash: sha256-e57e441241dbb82d2039fac4e66408ede3f7c0a67a2bc9bba8610b9c048ca3e0
    name: typescript
    version: 0.1.0
schemaVersion: 1
